{
  "name": "task-18",
  "version": "1.0.0",
  "lockfileVersion": 1,
  "requires": true,
  "dependencies": {
    "parsecurrency": {
      "version": "1.0.0",
      "resolved": "https://registry.npmjs.org/parsecurrency/-/parsecurrency-1.0.0.tgz",
      "integrity": "sha512-r2dG6q1Tvu3viQJhH8wI5hpqS7VeYG/PsLqlBpO2pk0ZkRob7iQZkpKhVWuyLNwbQzeitBB8yMYXUO4rC/rsIw=="
    }
  }
}
